# This file is automatically @generated by Poetry 1.7.1 and should not be changed by hand.

[[package]]
name = "obs-websocket-py"
version = "1.0"
description = "Python library to communicate with an obs-websocket server."
optional = false
python-versions = "*"
files = [
    {file = "obs-websocket-py-1.0.linux-x86_64.tar.gz", hash = "sha256:b3f10780cc15e116c1793b4c20614c5e7cd361c7991f3670497306f0ad660095"},
    {file = "obs_websocket_py-1.0-py3-none-any.whl", hash = "sha256:c563a57a551d3c07428fa066b5b3e6e5963f634fb0f54408a9b46ff5b7441d65"},
]

[package.dependencies]
websocket-client = "*"

[[package]]
name = "websocket-client"
version = "1.6.4"
description = "WebSocket client for Python with low level API options"
optional = false
python-versions = ">=3.8"
files = [
    {file = "websocket-client-1.6.4.tar.gz", hash = "sha256:b3324019b3c28572086c4a319f91d1dcd44e6e11cd340232978c684a7650d0df"},
    {file = "websocket_client-1.6.4-py3-none-any.whl", hash = "sha256:084072e0a7f5f347ef2ac3d8698a5e0b4ffbfcab607628cadabc650fc9a83a24"},
]

[package.extras]
docs = ["Sphinx (>=6.0)", "sphinx-rtd-theme (>=1.1.0)"]
optional = ["python-socks", "wsaccel"]
test = ["websockets"]

[metadata]
lock-version = "2.0"
python-versions = "^3.10"
content-hash = "cd9495266e262dc3740bfc52d4272144d10672fb0d6d100a13cad467f81e5d42"
